// !$*UTF8*$!
{
	archiveVersion = 1;
	classes = {
	};
	objectVersion = 46;
	objects = {

/* Begin PBXBuildFile section */
		710A9F2D19DD2F8700FE2A2A /* main.m in Sources */ = {isa = PBXBuildFile; fileRef = 710A9F2C19DD2F8700FE2A2A /* main.m */; };
		710A9F3019DD2F8700FE2A2A /* AppDelegate.m in Sources */ = {isa = PBXBuildFile; fileRef = 710A9F2F19DD2F8700FE2A2A /* AppDelegate.m */; };
		710A9F3319DD2F8700FE2A2A /* ViewController.m in Sources */ = {isa = PBXBuildFile; fileRef = 710A9F3219DD2F8700FE2A2A /* ViewController.m */; };
		710A9F3619DD2F8700FE2A2A /* Main.storyboard in Resources */ = {isa = PBXBuildFile; fileRef = 710A9F3419DD2F8700FE2A2A /* Main.storyboard */; };
		710A9F3819DD2F8700FE2A2A /* Images.xcassets in Resources */ = {isa = PBXBuildFile; fileRef = 710A9F3719DD2F8700FE2A2A /* Images.xcassets */; };
		710A9F3B19DD2F8700FE2A2A /* LaunchScreen.xib in Resources */ = {isa = PBXBuildFile; fileRef = 710A9F3919DD2F8700FE2A2A /* LaunchScreen.xib */; };
		710A9F4719DD2F8700FE2A2A /* LJToolsTests.m in Sources */ = {isa = PBXBuildFile; fileRef = 710A9F4619DD2F8700FE2A2A /* LJToolsTests.m */; };
		710A9FF419DD43B100FE2A2A /* AFHTTPRequestOperation.m in Sources */ = {isa = PBXBuildFile; fileRef = 710A9FD319DD43B100FE2A2A /* AFHTTPRequestOperation.m */; };
		710A9FF519DD43B100FE2A2A /* AFHTTPRequestOperationManager.m in Sources */ = {isa = PBXBuildFile; fileRef = 710A9FD519DD43B100FE2A2A /* AFHTTPRequestOperationManager.m */; };
		710A9FF619DD43B100FE2A2A /* AFHTTPSessionManager.m in Sources */ = {isa = PBXBuildFile; fileRef = 710A9FD719DD43B100FE2A2A /* AFHTTPSessionManager.m */; };
		710A9FFB19DD43B100FE2A2A /* AFNetworkReachabilityManager.m in Sources */ = {isa = PBXBuildFile; fileRef = 710A9FE219DD43B100FE2A2A /* AFNetworkReachabilityManager.m */; };
		710A9FFD19DD43B100FE2A2A /* AFSecurityPolicy.m in Sources */ = {isa = PBXBuildFile; fileRef = 710A9FE619DD43B100FE2A2A /* AFSecurityPolicy.m */; };
		710A9FFE19DD43B100FE2A2A /* AFURLConnectionOperation.m in Sources */ = {isa = PBXBuildFile; fileRef = 710A9FE819DD43B100FE2A2A /* AFURLConnectionOperation.m */; };
		710A9FFF19DD43B100FE2A2A /* AFURLRequestSerialization.m in Sources */ = {isa = PBXBuildFile; fileRef = 710A9FEA19DD43B100FE2A2A /* AFURLRequestSerialization.m */; };
		710AA00019DD43B100FE2A2A /* AFURLResponseSerialization.m in Sources */ = {isa = PBXBuildFile; fileRef = 710A9FEC19DD43B100FE2A2A /* AFURLResponseSerialization.m */; };
		710AA00119DD43B100FE2A2A /* AFURLSessionManager.m in Sources */ = {isa = PBXBuildFile; fileRef = 710A9FEE19DD43B100FE2A2A /* AFURLSessionManager.m */; };
		710AA01019DD443100FE2A2A /* LJDeviceTool.m in Sources */ = {isa = PBXBuildFile; fileRef = 710AA00619DD443100FE2A2A /* LJDeviceTool.m */; };
		710AA01119DD443100FE2A2A /* LJFileTool.m in Sources */ = {isa = PBXBuildFile; fileRef = 710AA00819DD443100FE2A2A /* LJFileTool.m */; };
		710AA01219DD443100FE2A2A /* LJHTTPTool.m in Sources */ = {isa = PBXBuildFile; fileRef = 710AA00A19DD443100FE2A2A /* LJHTTPTool.m */; };
		710AA01319DD443100FE2A2A /* LJTimeTool.m in Sources */ = {isa = PBXBuildFile; fileRef = 710AA00C19DD443100FE2A2A /* LJTimeTool.m */; };
		710AA01419DD443100FE2A2A /* LJUITool.m in Sources */ = {isa = PBXBuildFile; fileRef = 710AA00F19DD443100FE2A2A /* LJUITool.m */; };
		7117665319F010A500888A4E /* UIView+LJ.m in Sources */ = {isa = PBXBuildFile; fileRef = 7117665219F010A500888A4E /* UIView+LJ.m */; };
		7117665619F010F800888A4E /* UIImage+LJ.m in Sources */ = {isa = PBXBuildFile; fileRef = 7117665519F010F800888A4E /* UIImage+LJ.m */; };
/* End PBXBuildFile section */

/* Begin PBXContainerItemProxy section */
		710A9F4119DD2F8700FE2A2A /* PBXContainerItemProxy */ = {
			isa = PBXContainerItemProxy;
			containerPortal = 710A9F1F19DD2F8700FE2A2A /* Project object */;
			proxyType = 1;
			remoteGlobalIDString = 710A9F2619DD2F8700FE2A2A;
			remoteInfo = LJTools;
		};
/* End PBXContainerItemProxy section */

/* Begin PBXFileReference section */
		710A9F2719DD2F8700FE2A2A /* LJTools.app */ = {isa = PBXFileReference; explicitFileType = wrapper.application; includeInIndex = 0; path = LJTools.app; sourceTree = BUILT_PRODUCTS_DIR; };
		710A9F2B19DD2F8700FE2A2A /* Info.plist */ = {isa = PBXFileReference; lastKnownFileType = text.plist.xml; path = Info.plist; sourceTree = "<group>"; };
		710A9F2C19DD2F8700FE2A2A /* main.m */ = {isa = PBXFileReference; lastKnownFileType = sourcecode.c.objc; path = main.m; sourceTree = "<group>"; };
		710A9F2E19DD2F8700FE2A2A /* AppDelegate.h */ = {isa = PBXFileReference; lastKnownFileType = sourcecode.c.h; path = AppDelegate.h; sourceTree = "<group>"; };
		710A9F2F19DD2F8700FE2A2A /* AppDelegate.m */ = {isa = PBXFileReference; lastKnownFileType = sourcecode.c.objc; path = AppDelegate.m; sourceTree = "<group>"; };
		710A9F3119DD2F8700FE2A2A /* ViewController.h */ = {isa = PBXFileReference; lastKnownFileType = sourcecode.c.h; path = ViewController.h; sourceTree = "<group>"; };
		710A9F3219DD2F8700FE2A2A /* ViewController.m */ = {isa = PBXFileReference; lastKnownFileType = sourcecode.c.objc; path = ViewController.m; sourceTree = "<group>"; };
		710A9F3519DD2F8700FE2A2A /* Base */ = {isa = PBXFileReference; lastKnownFileType = file.storyboard; name = Base; path = Base.lproj/Main.storyboard; sourceTree = "<group>"; };
		710A9F3719DD2F8700FE2A2A /* Images.xcassets */ = {isa = PBXFileReference; lastKnownFileType = folder.assetcatalog; path = Images.xcassets; sourceTree = "<group>"; };
		710A9F3A19DD2F8700FE2A2A /* Base */ = {isa = PBXFileReference; lastKnownFileType = file.xib; name = Base; path = Base.lproj/LaunchScreen.xib; sourceTree = "<group>"; };
		710A9F4019DD2F8700FE2A2A /* LJToolsTests.xctest */ = {isa = PBXFileReference; explicitFileType = wrapper.cfbundle; includeInIndex = 0; path = LJToolsTests.xctest; sourceTree = BUILT_PRODUCTS_DIR; };
		710A9F4519DD2F8700FE2A2A /* Info.plist */ = {isa = PBXFileReference; lastKnownFileType = text.plist.xml; path = Info.plist; sourceTree = "<group>"; };
		710A9F4619DD2F8700FE2A2A /* LJToolsTests.m */ = {isa = PBXFileReference; lastKnownFileType = sourcecode.c.objc; path = LJToolsTests.m; sourceTree = "<group>"; };
		710A9F6219DD302000FE2A2A /* PrefixHeader.pch */ = {isa = PBXFileReference; lastKnownFileType = sourcecode.c.h; path = PrefixHeader.pch; sourceTree = "<group>"; };
		710A9FD219DD43B100FE2A2A /* AFHTTPRequestOperation.h */ = {isa = PBXFileReference; fileEncoding = 4; lastKnownFileType = sourcecode.c.h; path = AFHTTPRequestOperation.h; sourceTree = "<group>"; };
		710A9FD319DD43B100FE2A2A /* AFHTTPRequestOperation.m */ = {isa = PBXFileReference; fileEncoding = 4; lastKnownFileType = sourcecode.c.objc; path = AFHTTPRequestOperation.m; sourceTree = "<group>"; };
		710A9FD419DD43B100FE2A2A /* AFHTTPRequestOperationManager.h */ = {isa = PBXFileReference; fileEncoding = 4; lastKnownFileType = sourcecode.c.h; path = AFHTTPRequestOperationManager.h; sourceTree = "<group>"; };
		710A9FD519DD43B100FE2A2A /* AFHTTPRequestOperationManager.m */ = {isa = PBXFileReference; fileEncoding = 4; lastKnownFileType = sourcecode.c.objc; path = AFHTTPRequestOperationManager.m; sourceTree = "<group>"; };
		710A9FD619DD43B100FE2A2A /* AFHTTPSessionManager.h */ = {isa = PBXFileReference; fileEncoding = 4; lastKnownFileType = sourcecode.c.h; path = AFHTTPSessionManager.h; sourceTree = "<group>"; };
		710A9FD719DD43B100FE2A2A /* AFHTTPSessionManager.m */ = {isa = PBXFileReference; fileEncoding = 4; lastKnownFileType = sourcecode.c.objc; path = AFHTTPSessionManager.m; sourceTree = "<group>"; };
		710A9FE019DD43B100FE2A2A /* AFNetworking.h */ = {isa = PBXFileReference; fileEncoding = 4; lastKnownFileType = sourcecode.c.h; path = AFNetworking.h; sourceTree = "<group>"; };
		710A9FE119DD43B100FE2A2A /* AFNetworkReachabilityManager.h */ = {isa = PBXFileReference; fileEncoding = 4; lastKnownFileType = sourcecode.c.h; path = AFNetworkReachabilityManager.h; sourceTree = "<group>"; };
		710A9FE219DD43B100FE2A2A /* AFNetworkReachabilityManager.m */ = {isa = PBXFileReference; fileEncoding = 4; lastKnownFileType = sourcecode.c.objc; path = AFNetworkReachabilityManager.m; sourceTree = "<group>"; };
		710A9FE519DD43B100FE2A2A /* AFSecurityPolicy.h */ = {isa = PBXFileReference; fileEncoding = 4; lastKnownFileType = sourcecode.c.h; path = AFSecurityPolicy.h; sourceTree = "<group>"; };
		710A9FE619DD43B100FE2A2A /* AFSecurityPolicy.m */ = {isa = PBXFileReference; fileEncoding = 4; lastKnownFileType = sourcecode.c.objc; path = AFSecurityPolicy.m; sourceTree = "<group>"; };
		710A9FE719DD43B100FE2A2A /* AFURLConnectionOperation.h */ = {isa = PBXFileReference; fileEncoding = 4; lastKnownFileType = sourcecode.c.h; path = AFURLConnectionOperation.h; sourceTree = "<group>"; };
		710A9FE819DD43B100FE2A2A /* AFURLConnectionOperation.m */ = {isa = PBXFileReference; fileEncoding = 4; lastKnownFileType = sourcecode.c.objc; path = AFURLConnectionOperation.m; sourceTree = "<group>"; };
		710A9FE919DD43B100FE2A2A /* AFURLRequestSerialization.h */ = {isa = PBXFileReference; fileEncoding = 4; lastKnownFileType = sourcecode.c.h; path = AFURLRequestSerialization.h; sourceTree = "<group>"; };
		710A9FEA19DD43B100FE2A2A /* AFURLRequestSerialization.m */ = {isa = PBXFileReference; fileEncoding = 4; lastKnownFileType = sourcecode.c.objc; path = AFURLRequestSerialization.m; sourceTree = "<group>"; };
		710A9FEB19DD43B100FE2A2A /* AFURLResponseSerialization.h */ = {isa = PBXFileReference; fileEncoding = 4; lastKnownFileType = sourcecode.c.h; path = AFURLResponseSerialization.h; sourceTree = "<group>"; };
		710A9FEC19DD43B100FE2A2A /* AFURLResponseSerialization.m */ = {isa = PBXFileReference; fileEncoding = 4; lastKnownFileType = sourcecode.c.objc; path = AFURLResponseSerialization.m; sourceTree = "<group>"; };
		710A9FED19DD43B100FE2A2A /* AFURLSessionManager.h */ = {isa = PBXFileReference; fileEncoding = 4; lastKnownFileType = sourcecode.c.h; path = AFURLSessionManager.h; sourceTree = "<group>"; };
		710A9FEE19DD43B100FE2A2A /* AFURLSessionManager.m */ = {isa = PBXFileReference; fileEncoding = 4; lastKnownFileType = sourcecode.c.objc; path = AFURLSessionManager.m; sourceTree = "<group>"; };
		710AA00519DD443100FE2A2A /* LJDeviceTool.h */ = {isa = PBXFileReference; fileEncoding = 4; lastKnownFileType = sourcecode.c.h; path = LJDeviceTool.h; sourceTree = "<group>"; };
		710AA00619DD443100FE2A2A /* LJDeviceTool.m */ = {isa = PBXFileReference; fileEncoding = 4; lastKnownFileType = sourcecode.c.objc; path = LJDeviceTool.m; sourceTree = "<group>"; };
		710AA00719DD443100FE2A2A /* LJFileTool.h */ = {isa = PBXFileReference; fileEncoding = 4; lastKnownFileType = sourcecode.c.h; path = LJFileTool.h; sourceTree = "<group>"; };
		710AA00819DD443100FE2A2A /* LJFileTool.m */ = {isa = PBXFileReference; fileEncoding = 4; lastKnownFileType = sourcecode.c.objc; path = LJFileTool.m; sourceTree = "<group>"; };
		710AA00919DD443100FE2A2A /* LJHTTPTool.h */ = {isa = PBXFileReference; fileEncoding = 4; lastKnownFileType = sourcecode.c.h; path = LJHTTPTool.h; sourceTree = "<group>"; };
		710AA00A19DD443100FE2A2A /* LJHTTPTool.m */ = {isa = PBXFileReference; fileEncoding = 4; lastKnownFileType = sourcecode.c.objc; path = LJHTTPTool.m; sourceTree = "<group>"; };
		710AA00B19DD443100FE2A2A /* LJTimeTool.h */ = {isa = PBXFileReference; fileEncoding = 4; lastKnownFileType = sourcecode.c.h; path = LJTimeTool.h; sourceTree = "<group>"; };
		710AA00C19DD443100FE2A2A /* LJTimeTool.m */ = {isa = PBXFileReference; fileEncoding = 4; lastKnownFileType = sourcecode.c.objc; path = LJTimeTool.m; sourceTree = "<group>"; };
		710AA00D19DD443100FE2A2A /* LJTools.h */ = {isa = PBXFileReference; fileEncoding = 4; lastKnownFileType = sourcecode.c.h; path = LJTools.h; sourceTree = "<group>"; };
		710AA00E19DD443100FE2A2A /* LJUITool.h */ = {isa = PBXFileReference; fileEncoding = 4; lastKnownFileType = sourcecode.c.h; path = LJUITool.h; sourceTree = "<group>"; };
		710AA00F19DD443100FE2A2A /* LJUITool.m */ = {isa = PBXFileReference; fileEncoding = 4; lastKnownFileType = sourcecode.c.objc; path = LJUITool.m; sourceTree = "<group>"; };
		7117665119F010A500888A4E /* UIView+LJ.h */ = {isa = PBXFileReference; fileEncoding = 4; lastKnownFileType = sourcecode.c.h; path = "UIView+LJ.h"; sourceTree = "<group>"; };
		7117665219F010A500888A4E /* UIView+LJ.m */ = {isa = PBXFileReference; fileEncoding = 4; lastKnownFileType = sourcecode.c.objc; path = "UIView+LJ.m"; sourceTree = "<group>"; };
		7117665419F010F800888A4E /* UIImage+LJ.h */ = {isa = PBXFileReference; fileEncoding = 4; lastKnownFileType = sourcecode.c.h; path = "UIImage+LJ.h"; sourceTree = "<group>"; };
		7117665519F010F800888A4E /* UIImage+LJ.m */ = {isa = PBXFileReference; fileEncoding = 4; lastKnownFileType = sourcecode.c.objc; path = "UIImage+LJ.m"; sourceTree = "<group>"; };
/* End PBXFileReference section */

/* Begin PBXFrameworksBuildPhase section */
		710A9F2419DD2F8700FE2A2A /* Frameworks */ = {
			isa = PBXFrameworksBuildPhase;
			buildActionMask = 2147483647;
			files = (
			);
			runOnlyForDeploymentPostprocessing = 0;
		};
		710A9F3D19DD2F8700FE2A2A /* Frameworks */ = {
			isa = PBXFrameworksBuildPhase;
			buildActionMask = 2147483647;
			files = (
			);
			runOnlyForDeploymentPostprocessing = 0;
		};
/* End PBXFrameworksBuildPhase section */

/* Begin PBXGroup section */
		710A9F1E19DD2F8700FE2A2A = {
			isa = PBXGroup;
			children = (
				710A9F2919DD2F8700FE2A2A /* LJTools */,
				710A9F4319DD2F8700FE2A2A /* LJToolsTests */,
				710A9F2819DD2F8700FE2A2A /* Products */,
			);
			sourceTree = "<group>";
		};
		710A9F2819DD2F8700FE2A2A /* Products */ = {
			isa = PBXGroup;
			children = (
				710A9F2719DD2F8700FE2A2A /* LJTools.app */,
				710A9F4019DD2F8700FE2A2A /* LJToolsTests.xctest */,
			);
			name = Products;
			sourceTree = "<group>";
		};
		710A9F2919DD2F8700FE2A2A /* LJTools */ = {
			isa = PBXGroup;
			children = (
				710A9F2E19DD2F8700FE2A2A /* AppDelegate.h */,
				710A9F2F19DD2F8700FE2A2A /* AppDelegate.m */,
				710A9F3119DD2F8700FE2A2A /* ViewController.h */,
				710A9F3219DD2F8700FE2A2A /* ViewController.m */,
				710A9F3419DD2F8700FE2A2A /* Main.storyboard */,
				710A9F3719DD2F8700FE2A2A /* Images.xcassets */,
				710A9F3919DD2F8700FE2A2A /* LaunchScreen.xib */,
				710AA00419DD440A00FE2A2A /* Class */,
				710A9F2A19DD2F8700FE2A2A /* Supporting Files */,
				710A9F6219DD302000FE2A2A /* PrefixHeader.pch */,
			);
			path = LJTools;
			sourceTree = "<group>";
		};
		710A9F2A19DD2F8700FE2A2A /* Supporting Files */ = {
			isa = PBXGroup;
			children = (
				710A9FCE19DD43A500FE2A2A /* Lib */,
				710A9F2B19DD2F8700FE2A2A /* Info.plist */,
				710A9F2C19DD2F8700FE2A2A /* main.m */,
			);
			name = "Supporting Files";
			sourceTree = "<group>";
		};
		710A9F4319DD2F8700FE2A2A /* LJToolsTests */ = {
			isa = PBXGroup;
			children = (
				710A9F4619DD2F8700FE2A2A /* LJToolsTests.m */,
				710A9F4419DD2F8700FE2A2A /* Supporting Files */,
			);
			path = LJToolsTests;
			sourceTree = "<group>";
		};
		710A9F4419DD2F8700FE2A2A /* Supporting Files */ = {
			isa = PBXGroup;
			children = (
				710A9F4519DD2F8700FE2A2A /* Info.plist */,
			);
			name = "Supporting Files";
			sourceTree = "<group>";
		};
		710A9FCE19DD43A500FE2A2A /* Lib */ = {
			isa = PBXGroup;
			children = (
				710A9FCF19DD43B100FE2A2A /* AFNetworking */,
			);
			path = Lib;
			sourceTree = "<group>";
		};
		710A9FCF19DD43B100FE2A2A /* AFNetworking */ = {
			isa = PBXGroup;
			children = (
				710A9FD219DD43B100FE2A2A /* AFHTTPRequestOperation.h */,
				710A9FD319DD43B100FE2A2A /* AFHTTPRequestOperation.m */,
				710A9FD419DD43B100FE2A2A /* AFHTTPRequestOperationManager.h */,
				710A9FD519DD43B100FE2A2A /* AFHTTPRequestOperationManager.m */,
				710A9FD619DD43B100FE2A2A /* AFHTTPSessionManager.h */,
				710A9FD719DD43B100FE2A2A /* AFHTTPSessionManager.m */,
				710A9FE019DD43B100FE2A2A /* AFNetworking.h */,
				710A9FE119DD43B100FE2A2A /* AFNetworkReachabilityManager.h */,
				710A9FE219DD43B100FE2A2A /* AFNetworkReachabilityManager.m */,
				710A9FE519DD43B100FE2A2A /* AFSecurityPolicy.h */,
				710A9FE619DD43B100FE2A2A /* AFSecurityPolicy.m */,
				710A9FE719DD43B100FE2A2A /* AFURLConnectionOperation.h */,
				710A9FE819DD43B100FE2A2A /* AFURLConnectionOperation.m */,
				710A9FE919DD43B100FE2A2A /* AFURLRequestSerialization.h */,
				710A9FEA19DD43B100FE2A2A /* AFURLRequestSerialization.m */,
				710A9FEB19DD43B100FE2A2A /* AFURLResponseSerialization.h */,
				710A9FEC19DD43B100FE2A2A /* AFURLResponseSerialization.m */,
				710A9FED19DD43B100FE2A2A /* AFURLSessionManager.h */,
				710A9FEE19DD43B100FE2A2A /* AFURLSessionManager.m */,
			);
			path = AFNetworking;
			sourceTree = "<group>";
		};
		710AA00419DD440A00FE2A2A /* Class */ = {
			isa = PBXGroup;
			children = (
				710AA00D19DD443100FE2A2A /* LJTools.h */,
				710AA00519DD443100FE2A2A /* LJDeviceTool.h */,
				710AA00619DD443100FE2A2A /* LJDeviceTool.m */,
				710AA00719DD443100FE2A2A /* LJFileTool.h */,
				710AA00819DD443100FE2A2A /* LJFileTool.m */,
				710AA00919DD443100FE2A2A /* LJHTTPTool.h */,
				710AA00A19DD443100FE2A2A /* LJHTTPTool.m */,
				710AA00B19DD443100FE2A2A /* LJTimeTool.h */,
				710AA00C19DD443100FE2A2A /* LJTimeTool.m */,
				710AA00E19DD443100FE2A2A /* LJUITool.h */,
				710AA00F19DD443100FE2A2A /* LJUITool.m */,
				7117665119F010A500888A4E /* UIView+LJ.h */,
				7117665219F010A500888A4E /* UIView+LJ.m */,
				7117665419F010F800888A4E /* UIImage+LJ.h */,
				7117665519F010F800888A4E /* UIImage+LJ.m */,
			);
			path = Class;
			sourceTree = "<group>";
		};
/* End PBXGroup section */

/* Begin PBXNativeTarget section */
		710A9F2619DD2F8700FE2A2A /* LJTools */ = {
			isa = PBXNativeTarget;
			buildConfigurationList = 710A9F4A19DD2F8700FE2A2A /* Build configuration list for PBXNativeTarget "LJTools" */;
			buildPhases = (
				710A9F2319DD2F8700FE2A2A /* Sources */,
				710A9F2419DD2F8700FE2A2A /* Frameworks */,
				710A9F2519DD2F8700FE2A2A /* Resources */,
			);
			buildRules = (
			);
			dependencies = (
			);
			name = LJTools;
			productName = LJTools;
			productReference = 710A9F2719DD2F8700FE2A2A /* LJTools.app */;
			productType = "com.apple.product-type.application";
		};
		710A9F3F19DD2F8700FE2A2A /* LJToolsTests */ = {
			isa = PBXNativeTarget;
			buildConfigurationList = 710A9F4D19DD2F8700FE2A2A /* Build configuration list for PBXNativeTarget "LJToolsTests" */;
			buildPhases = (
				710A9F3C19DD2F8700FE2A2A /* Sources */,
				710A9F3D19DD2F8700FE2A2A /* Frameworks */,
				710A9F3E19DD2F8700FE2A2A /* Resources */,
			);
			buildRules = (
			);
			dependencies = (
				710A9F4219DD2F8700FE2A2A /* PBXTargetDependency */,
			);
			name = LJToolsTests;
			productName = LJToolsTests;
			productReference = 710A9F4019DD2F8700FE2A2A /* LJToolsTests.xctest */;
			productType = "com.apple.product-type.bundle.unit-test";
		};
/* End PBXNativeTarget section */

/* Begin PBXProject section */
		710A9F1F19DD2F8700FE2A2A /* Project object */ = {
			isa = PBXProject;
			attributes = {
				LastUpgradeCheck = 0600;
				ORGANIZATIONNAME = PUPBOSS;
				TargetAttributes = {
					710A9F2619DD2F8700FE2A2A = {
						CreatedOnToolsVersion = 6.0.1;
					};
					710A9F3F19DD2F8700FE2A2A = {
						CreatedOnToolsVersion = 6.0.1;
						TestTargetID = 710A9F2619DD2F8700FE2A2A;
					};
				};
			};
			buildConfigurationList = 710A9F2219DD2F8700FE2A2A /* Build configuration list for PBXProject "LJTools" */;
			compatibilityVersion = "Xcode 3.2";
			developmentRegion = English;
			hasScannedForEncodings = 0;
			knownRegions = (
				en,
				Base,
			);
			mainGroup = 710A9F1E19DD2F8700FE2A2A;
			productRefGroup = 710A9F2819DD2F8700FE2A2A /* Products */;
			projectDirPath = "";
			projectRoot = "";
			targets = (
				710A9F2619DD2F8700FE2A2A /* LJTools */,
				710A9F3F19DD2F8700FE2A2A /* LJToolsTests */,
			);
		};
/* End PBXProject section */

/* Begin PBXResourcesBuildPhase section */
		710A9F2519DD2F8700FE2A2A /* Resources */ = {
			isa = PBXResourcesBuildPhase;
			buildActionMask = 2147483647;
			files = (
				710A9F3619DD2F8700FE2A2A /* Main.storyboard in Resources */,
				710A9F3B19DD2F8700FE2A2A /* LaunchScreen.xib in Resources */,
				710A9F3819DD2F8700FE2A2A /* Images.xcassets in Resources */,
			);
			runOnlyForDeploymentPostprocessing = 0;
		};
		710A9F3E19DD2F8700FE2A2A /* Resources */ = {
			isa = PBXResourcesBuildPhase;
			buildActionMask = 2147483647;
			files = (
			);
			runOnlyForDeploymentPostprocessing = 0;
		};
/* End PBXResourcesBuildPhase section */

/* Begin PBXSourcesBuildPhase section */
		710A9F2319DD2F8700FE2A2A /* Sources */ = {
			isa = PBXSourcesBuildPhase;
			buildActionMask = 2147483647;
			files = (
				710A9F3319DD2F8700FE2A2A /* ViewController.m in Sources */,
				710AA00019DD43B100FE2A2A /* AFURLResponseSerialization.m in Sources */,
				710A9FFE19DD43B100FE2A2A /* AFURLConnectionOperation.m in Sources */,
				710A9FF419DD43B100FE2A2A /* AFHTTPRequestOperation.m in Sources */,
				7117665619F010F800888A4E /* UIImage+LJ.m in Sources */,
				7117665319F010A500888A4E /* UIView+LJ.m in Sources */,
				710AA01219DD443100FE2A2A /* LJHTTPTool.m in Sources */,
				710A9FF619DD43B100FE2A2A /* AFHTTPSessionManager.m in Sources */,
				710A9FFD19DD43B100FE2A2A /* AFSecurityPolicy.m in Sources */,
				710A9FF519DD43B100FE2A2A /* AFHTTPRequestOperationManager.m in Sources */,
				710A9FFF19DD43B100FE2A2A /* AFURLRequestSerialization.m in Sources */,
				710A9F3019DD2F8700FE2A2A /* AppDelegate.m in Sources */,
				710AA01119DD443100FE2A2A /* LJFileTool.m in Sources */,
				710A9FFB19DD43B100FE2A2A /* AFNetworkReachabilityManager.m in Sources */,
				710AA01319DD443100FE2A2A /* LJTimeTool.m in Sources */,
				710A9F2D19DD2F8700FE2A2A /* main.m in Sources */,
				710AA01019DD443100FE2A2A /* LJDeviceTool.m in Sources */,
				710AA01419DD443100FE2A2A /* LJUITool.m in Sources */,
				710AA00119DD43B100FE2A2A /* AFURLSessionManager.m in Sources */,
			);
			runOnlyForDeploymentPostprocessing = 0;
		};
		710A9F3C19DD2F8700FE2A2A /* Sources */ = {
			isa = PBXSourcesBuildPhase;
			buildActionMask = 2147483647;
			files = (
				710A9F4719DD2F8700FE2A2A /* LJToolsTests.m in Sources */,
			);
			runOnlyForDeploymentPostprocessing = 0;
		};
/* End PBXSourcesBuildPhase section */

/* Begin PBXTargetDependency section */
		710A9F4219DD2F8700FE2A2A /* PBXTargetDependency */ = {
			isa = PBXTargetDependency;
			target = 710A9F2619DD2F8700FE2A2A /* LJTools */;
			targetProxy = 710A9F4119DD2F8700FE2A2A /* PBXContainerItemProxy */;
		};
/* End PBXTargetDependency section */

/* Begin PBXVariantGroup section */
		710A9F3419DD2F8700FE2A2A /* Main.storyboard */ = {
			isa = PBXVariantGroup;
			children = (
				710A9F3519DD2F8700FE2A2A /* Base */,
			);
			name = Main.storyboard;
			sourceTree = "<group>";
		};
		710A9F3919DD2F8700FE2A2A /* LaunchScreen.xib */ = {
			isa = PBXVariantGroup;
			children = (
				710A9F3A19DD2F8700FE2A2A /* Base */,
			);
			name = LaunchScreen.xib;
			sourceTree = "<group>";
		};
/* End PBXVariantGroup section */

/* Begin XCBuildConfiguration section */
		710A9F4819DD2F8700FE2A2A /* Debug */ = {
			isa = XCBuildConfiguration;
			buildSettings = {
				ALWAYS_SEARCH_USER_PATHS = NO;
				CLANG_CXX_LANGUAGE_STANDARD = "gnu++0x";
				CLANG_CXX_LIBRARY = "libc++";
				CLANG_ENABLE_MODULES = YES;
				CLANG_ENABLE_OBJC_ARC = YES;
				CLANG_WARN_BOOL_CONVERSION = YES;
				CLANG_WARN_CONSTANT_CONVERSION = YES;
				CLANG_WARN_DIRECT_OBJC_ISA_USAGE = YES_ERROR;
				CLANG_WARN_EMPTY_BODY = YES;
				CLANG_WARN_ENUM_CONVERSION = YES;
				CLANG_WARN_INT_CONVERSION = YES;
				CLANG_WARN_OBJC_ROOT_CLASS = YES_ERROR;
				CLANG_WARN_UNREACHABLE_CODE = YES;
				CLANG_WARN__DUPLICATE_METHOD_MATCH = YES;
				"CODE_SIGN_IDENTITY[sdk=iphoneos*]" = "iPhone Developer";
				COPY_PHASE_STRIP = NO;
				ENABLE_STRICT_OBJC_MSGSEND = YES;
				GCC_C_LANGUAGE_STANDARD = gnu99;
				GCC_DYNAMIC_NO_PIC = NO;
				GCC_OPTIMIZATION_LEVEL = 0;
				GCC_PRECOMPILE_PREFIX_HEADER = YES;
				GCC_PREPROCESSOR_DEFINITIONS = (
					"DEBUG=1",
					"$(inherited)",
				);
				GCC_SYMBOLS_PRIVATE_EXTERN = NO;
				GCC_WARN_64_TO_32_BIT_CONVERSION = YES;
				GCC_WARN_ABOUT_RETURN_TYPE = YES_ERROR;
				GCC_WARN_UNDECLARED_SELECTOR = YES;
				GCC_WARN_UNINITIALIZED_AUTOS = YES_AGGRESSIVE;
				GCC_WARN_UNUSED_FUNCTION = YES;
				GCC_WARN_UNUSED_VARIABLE = YES;
				IPHONEOS_DEPLOYMENT_TARGET = 8.0;
				MTL_ENABLE_DEBUG_INFO = YES;
				ONLY_ACTIVE_ARCH = YES;
				SDKROOT = iphoneos;
			};
			name = Debug;
		};
		710A9F4919DD2F8700FE2A2A /* Release */ = {
			isa = XCBuildConfiguration;
			buildSettings = {
				ALWAYS_SEARCH_USER_PATHS = NO;
				CLANG_CXX_LANGUAGE_STANDARD = "gnu++0x";
				CLANG_CXX_LIBRARY = "libc++";
				CLANG_ENABLE_MODULES = YES;
				CLANG_ENABLE_OBJC_ARC = YES;
				CLANG_WARN_BOOL_CONVERSION = YES;
				CLANG_WARN_CONSTANT_CONVERSION = YES;
				CLANG_WARN_DIRECT_OBJC_ISA_USAGE = YES_ERROR;
				CLANG_WARN_EMPTY_BODY = YES;
				CLANG_WARN_ENUM_CONVERSION = YES;
				CLANG_WARN_INT_CONVERSION = YES;
				CLANG_WARN_OBJC_ROOT_CLASS = YES_ERROR;
				CLANG_WARN_UNREACHABLE_CODE = YES;
				CLANG_WARN__DUPLICATE_METHOD_MATCH = YES;
				"CODE_SIGN_IDENTITY[sdk=iphoneos*]" = "iPhone Developer";
				COPY_PHASE_STRIP = YES;
				ENABLE_NS_ASSERTIONS = NO;
				ENABLE_STRICT_OBJC_MSGSEND = YES;
				GCC_C_LANGUAGE_STANDARD = gnu99;
				GCC_PRECOMPILE_PREFIX_HEADER = YES;
				GCC_WARN_64_TO_32_BIT_CONVERSION = YES;
				GCC_WARN_ABOUT_RETURN_TYPE = YES_ERROR;
				GCC_WARN_UNDECLARED_SELECTOR = YES;
				GCC_WARN_UNINITIALIZED_AUTOS = YES_AGGRESSIVE;
				GCC_WARN_UNUSED_FUNCTION = YES;
				GCC_WARN_UNUSED_VARIABLE = YES;
				IPHONEOS_DEPLOYMENT_TARGET = 8.0;
				MTL_ENABLE_DEBUG_INFO = NO;
				SDKROOT = iphoneos;
				VALIDATE_PRODUCT = YES;
			};
			name = Release;
		};
		710A9F4B19DD2F8700FE2A2A /* Debug */ = {
			isa = XCBuildConfiguration;
			buildSettings = {
				ASSETCATALOG_COMPILER_APPICON_NAME = AppIcon;
				GCC_PRECOMPILE_PREFIX_HEADER = NO;
				GCC_PREFIX_HEADER = LJTools/PrefixHeader.pch;
				INFOPLIST_FILE = LJTools/Info.plist;
				IPHONEOS_DEPLOYMENT_TARGET = 7.1;
				LD_RUNPATH_SEARCH_PATHS = "$(inherited) @executable_path/Frameworks";
				PRODUCT_NAME = "$(TARGET_NAME)";
			};
			name = Debug;
		};
		710A9F4C19DD2F8700FE2A2A /* Release */ = {
			isa = XCBuildConfiguration;
			buildSettings = {
				ASSETCATALOG_COMPILER_APPICON_NAME = AppIcon;
				GCC_PRECOMPILE_PREFIX_HEADER = NO;
				GCC_PREFIX_HEADER = LJTools/PrefixHeader.pch;
				INFOPLIST_FILE = LJTools/Info.plist;
				IPHONEOS_DEPLOYMENT_TARGET = 7.1;
				LD_RUNPATH_SEARCH_PATHS = "$(inherited) @executable_path/Frameworks";
				PRODUCT_NAME = "$(TARGET_NAME)";
			};
			name = Release;
		};
		710A9F4E19DD2F8700FE2A2A /* Debug */ = {
			isa = XCBuildConfiguration;
			buildSettings = {
				BUNDLE_LOADER = "$(TEST_HOST)";
				FRAMEWORK_SEARCH_PATHS = (
					"$(SDKROOT)/Developer/Library/Frameworks",
					"$(inherited)",
				);
				GCC_PREPROCESSOR_DEFINITIONS = (
					"DEBUG=1",
					"$(inherited)",
				);
				INFOPLIST_FILE = LJToolsTests/Info.plist;
				LD_RUNPATH_SEARCH_PATHS = "$(inherited) @executable_path/Frameworks @loader_path/Frameworks";
				PRODUCT_NAME = "$(TARGET_NAME)";
				TEST_HOST = "$(BUILT_PRODUCTS_DIR)/LJTools.app/LJTools";
			};
			name = Debug;
		};
		710A9F4F19DD2F8700FE2A2A /* Release */ = {
			isa = XCBuildConfiguration;
			buildSettings = {
				BUNDLE_LOADER = "$(TEST_HOST)";
				FRAMEWORK_SEARCH_PATHS = (
					"$(SDKROOT)/Developer/Library/Frameworks",
					"$(inherited)",
				);
				INFOPLIST_FILE = LJToolsTests/Info.plist;
				LD_RUNPATH_SEARCH_PATHS = "$(inherited) @executable_path/Frameworks @loader_path/Frameworks";
				PRODUCT_NAME = "$(TARGET_NAME)";
				TEST_HOST = "$(BUILT_PRODUCTS_DIR)/LJTools.app/LJTools";
			};
			name = Release;
		};
/* End XCBuildConfiguration section */

/* Begin XCConfigurationList section */
		710A9F2219DD2F8700FE2A2A /* Build configuration list for PBXProject "LJTools" */ = {
			isa = XCConfigurationList;
			buildConfigurations = (
				710A9F4819DD2F8700FE2A2A /* Debug */,
				710A9F4919DD2F8700FE2A2A /* Release */,
			);
			defaultConfigurationIsVisible = 0;
			defaultConfigurationName = Release;
		};
		710A9F4A19DD2F8700FE2A2A /* Build configuration list for PBXNativeTarget "LJTools" */ = {
			isa = XCConfigurationList;
			buildConfigurations = (
				710A9F4B19DD2F8700FE2A2A /* Debug */,
				710A9F4C19DD2F8700FE2A2A /* Release */,
			);
			defaultConfigurationIsVisible = 0;
			defaultConfigurationName = Release;
		};
		710A9F4D19DD2F8700FE2A2A /* Build configuration list for PBXNativeTarget "LJToolsTests" */ = {
			isa = XCConfigurationList;
			buildConfigurations = (
				710A9F4E19DD2F8700FE2A2A /* Debug */,
				710A9F4F19DD2F8700FE2A2A /* Release */,
			);
			defaultConfigurationIsVisible = 0;
			defaultConfigurationName = Release;
		};
/* End XCConfigurationList section */
	};
	rootObject = 710A9F1F19DD2F8700FE2A2A /* Project object */;
}
